
Microsoft Visual Studio Solution File, Format Version 12.00
# Visual Studio Version 17
VisualStudioVersion = 17.5.33414.496
MinimumVisualStudioVersion = 10.0.40219.1
Project("{FAE04EC0-301F-11D3-BF4B-00C04F79EFBC}") = "TestingDemo", "TestingDemo\TestingDemo.csproj", "{3154E8C1-FD59-4108-9305-6263AEF1C2A6}"
EndProject
Project("{FAE04EC0-301F-11D3-BF4B-00C04F79EFBC}") = "TestProject1", "TestProject1\TestProject1.csproj", "{84D3DF37-ED55-4043-9CE5-DBAF74BF44F5}"
EndProject
Global
	GlobalSection(SolutionConfigurationPlatforms) = preSolution
		Debug|Any CPU = Debug|Any CPU
		Release|Any CPU = Release|Any CPU
	EndGlobalSection
	GlobalSection(ProjectConfigurationPlatforms) = postSolution
		{3154E8C1-FD59-4108-9305-6263AEF1C2A6}.Debug|Any CPU.ActiveCfg = Debug|Any CPU
		{3154E8C1-FD59-4108-9305-6263AEF1C2A6}.Debug|Any CPU.Build.0 = Debug|Any CPU
		{3154E8C1-FD59-4108-9305-6263AEF1C2A6}.Release|Any CPU.ActiveCfg = Release|Any CPU
		{3154E8C1-FD59-4108-9305-6263AEF1C2A6}.Release|Any CPU.Build.0 = Release|Any CPU
		{84D3DF37-ED55-4043-9CE5-DBAF74BF44F5}.Debug|Any CPU.ActiveCfg = Debug|Any CPU
		{84D3DF37-ED55-4043-9CE5-DBAF74BF44F5}.Debug|Any CPU.Build.0 = Debug|Any CPU
		{84D3DF37-ED55-4043-9CE5-DBAF74BF44F5}.Release|Any CPU.ActiveCfg = Release|Any CPU
		{84D3DF37-ED55-4043-9CE5-DBAF74BF44F5}.Release|Any CPU.Build.0 = Release|Any CPU
	EndGlobalSection
	GlobalSection(SolutionProperties) = preSolution
		HideSolutionNode = FALSE
	EndGlobalSection
	GlobalSection(ExtensibilityGlobals) = postSolution
		SolutionGuid = {52395E5F-059B-4048-B46A-1CC12EFC4EF1}
	EndGlobalSection
EndGlobal
