
Microsoft Visual Studio Solution File, Format Version 12.00
# Visual Studio Version 17
VisualStudioVersion = 17.5.33414.496
MinimumVisualStudioVersion = 10.0.40219.1
Project("{FAE04EC0-301F-11D3-BF4B-00C04F79EFBC}") = "HelloWorld", "HelloWorld\HelloWorld.csproj", "{C7BADE6B-0FC9-42A9-8806-E79F09283261}"
EndProject
Global
	GlobalSection(SolutionConfigurationPlatforms) = preSolution
		Debug|Any CPU = Debug|Any CPU
		Release|Any CPU = Release|Any CPU
	EndGlobalSection
	GlobalSection(ProjectConfigurationPlatforms) = postSolution
		{C7BADE6B-0FC9-42A9-8806-E79F09283261}.Debug|Any CPU.ActiveCfg = Debug|Any CPU
		{C7BADE6B-0FC9-42A9-8806-E79F09283261}.Debug|Any CPU.Build.0 = Debug|Any CPU
		{C7BADE6B-0FC9-42A9-8806-E79F09283261}.Release|Any CPU.ActiveCfg = Release|Any CPU
		{C7BADE6B-0FC9-42A9-8806-E79F09283261}.Release|Any CPU.Build.0 = Release|Any CPU
	EndGlobalSection
	GlobalSection(SolutionProperties) = preSolution
		HideSolutionNode = FALSE
	EndGlobalSection
	GlobalSection(ExtensibilityGlobals) = postSolution
		SolutionGuid = {16C35E40-4B89-4A05-BB23-B9833EDAC2FC}
	EndGlobalSection
EndGlobal
